
Microsoft Visual Studio Solution File, Format Version 12.00
# Visual Studio 15
VisualStudioVersion = 15.0.27428.2037
MinimumVisualStudioVersion = 10.0.40219.1
Project("{FAE04EC0-301F-11D3-BF4B-00C04F79EFBC}") = "CsgoGameState", "CsgoGameState\CsgoGameState.csproj", "{1A2E2E1B-2B72-4EC6-90DE-26D864188FAC}"
EndProject
Global
	GlobalSection(SolutionConfigurationPlatforms) = preSolution
		Debug|Any CPU = Debug|Any CPU
		Release|Any CPU = Release|Any CPU
	EndGlobalSection
	GlobalSection(ProjectConfigurationPlatforms) = postSolution
		{1A2E2E1B-2B72-4EC6-90DE-26D864188FAC}.Debug|Any CPU.ActiveCfg = Debug|Any CPU
		{1A2E2E1B-2B72-4EC6-90DE-26D864188FAC}.Debug|Any CPU.Build.0 = Debug|Any CPU
		{1A2E2E1B-2B72-4EC6-90DE-26D864188FAC}.Release|Any CPU.ActiveCfg = Release|Any CPU
		{1A2E2E1B-2B72-4EC6-90DE-26D864188FAC}.Release|Any CPU.Build.0 = Release|Any CPU
	EndGlobalSection
	GlobalSection(SolutionProperties) = preSolution
		HideSolutionNode = FALSE
	EndGlobalSection
	GlobalSection(ExtensibilityGlobals) = postSolution
		SolutionGuid = {AC0BAE1A-032F-41B6-921D-CA7BE3CB4D6F}
	EndGlobalSection
EndGlobal
